
Microsoft Visual Studio Solution File, Format Version 12.00
# Visual Studio Version 17
VisualStudioVersion = 17.3.32929.385
MinimumVisualStudioVersion = 10.0.40219.1
Project("{9A19103F-16F7-4668-BE54-9A1E7A4F7556}") = "PizzaApp.Web", "PizzaApp.Web\PizzaApp.Web.csproj", "{1DC50BAD-3647-47FB-ADD0-C8B30C62D3B2}"
EndProject
Project("{9A19103F-16F7-4668-BE54-9A1E7A4F7556}") = "PizzaApp", "PizzaApp\PizzaApp.csproj", "{F6C6EE53-C604-4BA0-874C-9A335E600AB8}"
EndProject
Project("{9A19103F-16F7-4668-BE54-9A1E7A4F7556}") = "PizzaApp.MAUI", "PizzaApp.MAUI\PizzaApp.MAUI.csproj", "{33EB9F6A-5235-4DA2-83BF-AED4E2816B2F}"
EndProject
Project("{FAE04EC0-301F-11D3-BF4B-00C04F79EFBC}") = "PizzaApp.Server", "PizzaApp.Server\PizzaApp.Server.csproj", "{5679C441-530C-4398-80DF-19BDC67ABD8D}"
EndProject
Global
	GlobalSection(SolutionConfigurationPlatforms) = preSolution
		Debug|Any CPU = Debug|Any CPU
		Release|Any CPU = Release|Any CPU
	EndGlobalSection
	GlobalSection(ProjectConfigurationPlatforms) = postSolution
		{1DC50BAD-3647-47FB-ADD0-C8B30C62D3B2}.Debug|Any CPU.ActiveCfg = Debug|Any CPU
		{1DC50BAD-3647-47FB-ADD0-C8B30C62D3B2}.Debug|Any CPU.Build.0 = Debug|Any CPU
		{1DC50BAD-3647-47FB-ADD0-C8B30C62D3B2}.Release|Any CPU.ActiveCfg = Release|Any CPU
		{1DC50BAD-3647-47FB-ADD0-C8B30C62D3B2}.Release|Any CPU.Build.0 = Release|Any CPU
		{F6C6EE53-C604-4BA0-874C-9A335E600AB8}.Debug|Any CPU.ActiveCfg = Debug|Any CPU
		{F6C6EE53-C604-4BA0-874C-9A335E600AB8}.Debug|Any CPU.Build.0 = Debug|Any CPU
		{F6C6EE53-C604-4BA0-874C-9A335E600AB8}.Release|Any CPU.ActiveCfg = Release|Any CPU
		{F6C6EE53-C604-4BA0-874C-9A335E600AB8}.Release|Any CPU.Build.0 = Release|Any CPU
		{33EB9F6A-5235-4DA2-83BF-AED4E2816B2F}.Debug|Any CPU.ActiveCfg = Debug|Any CPU
		{33EB9F6A-5235-4DA2-83BF-AED4E2816B2F}.Debug|Any CPU.Build.0 = Debug|Any CPU
		{33EB9F6A-5235-4DA2-83BF-AED4E2816B2F}.Debug|Any CPU.Deploy.0 = Debug|Any CPU
		{33EB9F6A-5235-4DA2-83BF-AED4E2816B2F}.Release|Any CPU.ActiveCfg = Release|Any CPU
		{33EB9F6A-5235-4DA2-83BF-AED4E2816B2F}.Release|Any CPU.Build.0 = Release|Any CPU
		{33EB9F6A-5235-4DA2-83BF-AED4E2816B2F}.Release|Any CPU.Deploy.0 = Release|Any CPU
		{5679C441-530C-4398-80DF-19BDC67ABD8D}.Debug|Any CPU.ActiveCfg = Debug|Any CPU
		{5679C441-530C-4398-80DF-19BDC67ABD8D}.Debug|Any CPU.Build.0 = Debug|Any CPU
		{5679C441-530C-4398-80DF-19BDC67ABD8D}.Release|Any CPU.ActiveCfg = Release|Any CPU
		{5679C441-530C-4398-80DF-19BDC67ABD8D}.Release|Any CPU.Build.0 = Release|Any CPU
	EndGlobalSection
	GlobalSection(SolutionProperties) = preSolution
		HideSolutionNode = FALSE
	EndGlobalSection
	GlobalSection(ExtensibilityGlobals) = postSolution
		SolutionGuid = {19EE53BB-18C3-4D54-AEFD-EAE2E9117974}
	EndGlobalSection
EndGlobal
