
Microsoft Visual Studio Solution File, Format Version 12.00
# Visual Studio Version 17
VisualStudioVersion = 17.3.32929.385
MinimumVisualStudioVersion = 10.0.40219.1
Project("{9A19103F-16F7-4668-BE54-9A1E7A4F7556}") = "PizzaApp.Web", "PizzaApp.Web\PizzaApp.Web.csproj", "{1DC50BAD-3647-47FB-ADD0-C8B30C62D3B2}"
EndProject
Project("{9A19103F-16F7-4668-BE54-9A1E7A4F7556}") = "PizzaApp", "PizzaApp\PizzaApp.csproj", "{F6C6EE53-C604-4BA0-874C-9A335E600AB8}"
EndProject
Global
	GlobalSection(SolutionConfigurationPlatforms) = preSolution
		Debug|Any CPU = Debug|Any CPU
		Release|Any CPU = Release|Any CPU
	EndGlobalSection
	GlobalSection(ProjectConfigurationPlatforms) = postSolution
		{1DC50BAD-3647-47FB-ADD0-C8B30C62D3B2}.Debug|Any CPU.ActiveCfg = Debug|Any CPU
		{1DC50BAD-3647-47FB-ADD0-C8B30C62D3B2}.Debug|Any CPU.Build.0 = Debug|Any CPU
		{1DC50BAD-3647-47FB-ADD0-C8B30C62D3B2}.Release|Any CPU.ActiveCfg = Release|Any CPU
		{1DC50BAD-3647-47FB-ADD0-C8B30C62D3B2}.Release|Any CPU.Build.0 = Release|Any CPU
		{F6C6EE53-C604-4BA0-874C-9A335E600AB8}.Debug|Any CPU.ActiveCfg = Debug|Any CPU
		{F6C6EE53-C604-4BA0-874C-9A335E600AB8}.Debug|Any CPU.Build.0 = Debug|Any CPU
		{F6C6EE53-C604-4BA0-874C-9A335E600AB8}.Release|Any CPU.ActiveCfg = Release|Any CPU
		{F6C6EE53-C604-4BA0-874C-9A335E600AB8}.Release|Any CPU.Build.0 = Release|Any CPU
	EndGlobalSection
	GlobalSection(SolutionProperties) = preSolution
		HideSolutionNode = FALSE
	EndGlobalSection
	GlobalSection(ExtensibilityGlobals) = postSolution
		SolutionGuid = {19EE53BB-18C3-4D54-AEFD-EAE2E9117974}
	EndGlobalSection
EndGlobal
